
Microsoft Visual Studio Solution File, Format Version 12.00
# Visual Studio Version 17
VisualStudioVersion = 17.14.36414.22 d17.14
MinimumVisualStudioVersion = 10.0.40219.1
Project("{FAE04EC0-301F-11D3-BF4B-00C04F79EFBC}") = "BtgClients", "BtgClients.csproj", "{EF3D1FC0-F430-59CE-653A-BAB52D76183D}"
EndProject
Global
	GlobalSection(SolutionConfigurationPlatforms) = preSolution
		Debug|Any CPU = Debug|Any CPU
		Release|Any CPU = Release|Any CPU
	EndGlobalSection
	GlobalSection(ProjectConfigurationPlatforms) = postSolution
		{EF3D1FC0-F430-59CE-653A-BAB52D76183D}.Debug|Any CPU.ActiveCfg = Debug|Any CPU
		{EF3D1FC0-F430-59CE-653A-BAB52D76183D}.Debug|Any CPU.Build.0 = Debug|Any CPU
		{EF3D1FC0-F430-59CE-653A-BAB52D76183D}.Release|Any CPU.ActiveCfg = Release|Any CPU
		{EF3D1FC0-F430-59CE-653A-BAB52D76183D}.Release|Any CPU.Build.0 = Release|Any CPU
	EndGlobalSection
	GlobalSection(SolutionProperties) = preSolution
		HideSolutionNode = FALSE
	EndGlobalSection
	GlobalSection(ExtensibilityGlobals) = postSolution
		SolutionGuid = {BE5649FF-0824-4A25-88D5-D180A4159179}
	EndGlobalSection
EndGlobal
